
Microsoft Visual Studio Solution File, Format Version 12.00
# Visual Studio Version 17
VisualStudioVersion = 17.11.35303.130
MinimumVisualStudioVersion = 10.0.40219.1
Project("{9A19103F-16F7-4668-BE54-9A1E7A4F7556}") = "BlazorApp1", "BlazorApp1\BlazorApp1.csproj", "{683B0BDA-3638-4761-BACF-1BAD995A5BE2}"
EndProject
Global
	GlobalSection(SolutionConfigurationPlatforms) = preSolution
		Debug|Any CPU = Debug|Any CPU
		Release|Any CPU = Release|Any CPU
	EndGlobalSection
	GlobalSection(ProjectConfigurationPlatforms) = postSolution
		{683B0BDA-3638-4761-BACF-1BAD995A5BE2}.Debug|Any CPU.ActiveCfg = Debug|Any CPU
		{683B0BDA-3638-4761-BACF-1BAD995A5BE2}.Debug|Any CPU.Build.0 = Debug|Any CPU
		{683B0BDA-3638-4761-BACF-1BAD995A5BE2}.Release|Any CPU.ActiveCfg = Release|Any CPU
		{683B0BDA-3638-4761-BACF-1BAD995A5BE2}.Release|Any CPU.Build.0 = Release|Any CPU
	EndGlobalSection
	GlobalSection(SolutionProperties) = preSolution
		HideSolutionNode = FALSE
	EndGlobalSection
	GlobalSection(ExtensibilityGlobals) = postSolution
		SolutionGuid = {7EA6DF60-9FAA-407D-99BF-A6C369131E5D}
	EndGlobalSection
EndGlobal
